{
  "name": "assets",
  "lockfileVersion": 3,
  "requires": true,
  "packages": {
    "": {
      "dependencies": {
        "phoenix": "^1.7.18"
      }
    },
    "node_modules/phoenix": {
      "version": "1.7.18",
      "resolved": "https://registry.npmjs.org/phoenix/-/phoenix-1.7.18.tgz",
      "integrity": "sha512-Qo+V9+knfEd+R1pzCe+XJlj3GPSxWz4PNwzFl7GgssuTVYPoh/he3mbPQJ+NEDdqulxAbBtWCNYGPB3WplS5Mg==",
      "license": "MIT"
    }
  }
}
